
Microsoft Visual Studio Solution File, Format Version 12.00
# Visual Studio Version 17
VisualStudioVersion = 17.8.34330.188
MinimumVisualStudioVersion = 10.0.40219.1
Project("{FAE04EC0-301F-11D3-BF4B-00C04F79EFBC}") = "ConsoleDrawer", "ConsoleDrawer\ConsoleDrawer.csproj", "{A5C90EBB-9674-4CB1-8EB2-49F7ACAEC011}"
EndProject
Global
	GlobalSection(SolutionConfigurationPlatforms) = preSolution
		Debug|Any CPU = Debug|Any CPU
		Release|Any CPU = Release|Any CPU
	EndGlobalSection
	GlobalSection(ProjectConfigurationPlatforms) = postSolution
		{A5C90EBB-9674-4CB1-8EB2-49F7ACAEC011}.Debug|Any CPU.ActiveCfg = Debug|Any CPU
		{A5C90EBB-9674-4CB1-8EB2-49F7ACAEC011}.Debug|Any CPU.Build.0 = Debug|Any CPU
		{A5C90EBB-9674-4CB1-8EB2-49F7ACAEC011}.Release|Any CPU.ActiveCfg = Release|Any CPU
		{A5C90EBB-9674-4CB1-8EB2-49F7ACAEC011}.Release|Any CPU.Build.0 = Release|Any CPU
	EndGlobalSection
	GlobalSection(SolutionProperties) = preSolution
		HideSolutionNode = FALSE
	EndGlobalSection
	GlobalSection(ExtensibilityGlobals) = postSolution
		SolutionGuid = {8FE76AA8-F04E-4AF6-BA61-8F9011F34B46}
	EndGlobalSection
EndGlobal
